// !$*UTF8*$!
{
	archiveVersion = 1;
	classes = {
	};
	objectVersion = 56;
	objects = {

/* Begin PBXBuildFile section */
		860A092729C56E8B00AA13C6 /* TrailersListView.swift in Sources */ = {isa = PBXBuildFile; fileRef = 860A092629C56E8B00AA13C6 /* TrailersListView.swift */; };
		860A092929C5825100AA13C6 /* TrailersVideoView.swift in Sources */ = {isa = PBXBuildFile; fileRef = 860A092829C5825100AA13C6 /* TrailersVideoView.swift */; };
		868D7DCB29C38410003C6494 /* KFormatScreening.swift in Sources */ = {isa = PBXBuildFile; fileRef = 868D7DCA29C38410003C6494 /* KFormatScreening.swift */; };
		868D7DCF29C38411003C6494 /* Assets.xcassets in Resources */ = {isa = PBXBuildFile; fileRef = 868D7DCE29C38411003C6494 /* Assets.xcassets */; };
		868D7DD229C38411003C6494 /* Preview Assets.xcassets in Resources */ = {isa = PBXBuildFile; fileRef = 868D7DD129C38411003C6494 /* Preview Assets.xcassets */; };
		868D7DDC29C38469003C6494 /* Company.swift in Sources */ = {isa = PBXBuildFile; fileRef = 868D7DDB29C38469003C6494 /* Company.swift */; };
		868D7DDF29C3888B003C6494 /* companydata.json in Resources */ = {isa = PBXBuildFile; fileRef = 868D7DDE29C3888B003C6494 /* companydata.json */; };
		868D7DE129C39009003C6494 /* CompanyModel.swift in Sources */ = {isa = PBXBuildFile; fileRef = 868D7DE029C39009003C6494 /* CompanyModel.swift */; };
		868D7DE329C3939E003C6494 /* MainTabView.swift in Sources */ = {isa = PBXBuildFile; fileRef = 868D7DE229C3939E003C6494 /* MainTabView.swift */; };
		868D7DE529C395C0003C6494 /* WelcomeView.swift in Sources */ = {isa = PBXBuildFile; fileRef = 868D7DE429C395C0003C6494 /* WelcomeView.swift */; };
		868D7DE729C395E6003C6494 /* PTView.swift in Sources */ = {isa = PBXBuildFile; fileRef = 868D7DE629C395E6003C6494 /* PTView.swift */; };
		868D7DE929C396B2003C6494 /* TrailersView.swift in Sources */ = {isa = PBXBuildFile; fileRef = 868D7DE829C396B2003C6494 /* TrailersView.swift */; };
		868D7DEC29C3976A003C6494 /* KeynoteView.swift in Sources */ = {isa = PBXBuildFile; fileRef = 868D7DEB29C3976A003C6494 /* KeynoteView.swift */; };
		868D7DEE29C3AF5E003C6494 /* PTListView.swift in Sources */ = {isa = PBXBuildFile; fileRef = 868D7DED29C3AF5E003C6494 /* PTListView.swift */; };
		868D7DF429C3D460003C6494 /* PTVideoView.swift in Sources */ = {isa = PBXBuildFile; fileRef = 868D7DF329C3D460003C6494 /* PTVideoView.swift */; };
		868D7DF629C3D530003C6494 /* RectanglePreset.swift in Sources */ = {isa = PBXBuildFile; fileRef = 868D7DF529C3D530003C6494 /* RectanglePreset.swift */; };
		868D7DF929C3D8B6003C6494 /* AVKit.framework in Frameworks */ = {isa = PBXBuildFile; fileRef = 868D7DF829C3D8B6003C6494 /* AVKit.framework */; };
/* End PBXBuildFile section */

/* Begin PBXFileReference section */
		860A092629C56E8B00AA13C6 /* TrailersListView.swift */ = {isa = PBXFileReference; lastKnownFileType = sourcecode.swift; path = TrailersListView.swift; sourceTree = "<group>"; };
		860A092829C5825100AA13C6 /* TrailersVideoView.swift */ = {isa = PBXFileReference; lastKnownFileType = sourcecode.swift; path = TrailersVideoView.swift; sourceTree = "<group>"; };
		868D7DC729C38410003C6494 /* KFormatScreening.app */ = {isa = PBXFileReference; explicitFileType = wrapper.application; includeInIndex = 0; path = KFormatScreening.app; sourceTree = BUILT_PRODUCTS_DIR; };
		868D7DCA29C38410003C6494 /* KFormatScreening.swift */ = {isa = PBXFileReference; lastKnownFileType = sourcecode.swift; path = KFormatScreening.swift; sourceTree = "<group>"; };
		868D7DCE29C38411003C6494 /* Assets.xcassets */ = {isa = PBXFileReference; lastKnownFileType = folder.assetcatalog; path = Assets.xcassets; sourceTree = "<group>"; };
		868D7DD129C38411003C6494 /* Preview Assets.xcassets */ = {isa = PBXFileReference; lastKnownFileType = folder.assetcatalog; path = "Preview Assets.xcassets"; sourceTree = "<group>"; };
		868D7DDB29C38469003C6494 /* Company.swift */ = {isa = PBXFileReference; lastKnownFileType = sourcecode.swift; path = Company.swift; sourceTree = "<group>"; };
		868D7DDE29C3888B003C6494 /* companydata.json */ = {isa = PBXFileReference; lastKnownFileType = text.json; path = companydata.json; sourceTree = "<group>"; };
		868D7DE029C39009003C6494 /* CompanyModel.swift */ = {isa = PBXFileReference; lastKnownFileType = sourcecode.swift; path = CompanyModel.swift; sourceTree = "<group>"; };
		868D7DE229C3939E003C6494 /* MainTabView.swift */ = {isa = PBXFileReference; lastKnownFileType = sourcecode.swift; path = MainTabView.swift; sourceTree = "<group>"; };
		868D7DE429C395C0003C6494 /* WelcomeView.swift */ = {isa = PBXFileReference; lastKnownFileType = sourcecode.swift; path = WelcomeView.swift; sourceTree = "<group>"; };
		868D7DE629C395E6003C6494 /* PTView.swift */ = {isa = PBXFileReference; lastKnownFileType = sourcecode.swift; path = PTView.swift; sourceTree = "<group>"; };
		868D7DE829C396B2003C6494 /* TrailersView.swift */ = {isa = PBXFileReference; lastKnownFileType = sourcecode.swift; path = TrailersView.swift; sourceTree = "<group>"; };
		868D7DEB29C3976A003C6494 /* KeynoteView.swift */ = {isa = PBXFileReference; lastKnownFileType = sourcecode.swift; path = KeynoteView.swift; sourceTree = "<group>"; };
		868D7DED29C3AF5E003C6494 /* PTListView.swift */ = {isa = PBXFileReference; lastKnownFileType = sourcecode.swift; path = PTListView.swift; sourceTree = "<group>"; };
		868D7DF329C3D460003C6494 /* PTVideoView.swift */ = {isa = PBXFileReference; lastKnownFileType = sourcecode.swift; path = PTVideoView.swift; sourceTree = "<group>"; };
		868D7DF529C3D530003C6494 /* RectanglePreset.swift */ = {isa = PBXFileReference; lastKnownFileType = sourcecode.swift; path = RectanglePreset.swift; sourceTree = "<group>"; };
		868D7DF829C3D8B6003C6494 /* AVKit.framework */ = {isa = PBXFileReference; lastKnownFileType = wrapper.framework; name = AVKit.framework; path = System/Library/Frameworks/AVKit.framework; sourceTree = SDKROOT; };
/* End PBXFileReference section */

/* Begin PBXFrameworksBuildPhase section */
		868D7DC429C38410003C6494 /* Frameworks */ = {
			isa = PBXFrameworksBuildPhase;
			buildActionMask = 2147483647;
			files = (
				868D7DF929C3D8B6003C6494 /* AVKit.framework in Frameworks */,
			);
			runOnlyForDeploymentPostprocessing = 0;
		};
/* End PBXFrameworksBuildPhase section */

/* Begin PBXGroup section */
		868D7DBE29C38410003C6494 = {
			isa = PBXGroup;
			children = (
				868D7DC929C38410003C6494 /* KFormatScreening */,
				868D7DC829C38410003C6494 /* Products */,
				868D7DF729C3D8B6003C6494 /* Frameworks */,
			);
			sourceTree = "<group>";
		};
		868D7DC829C38410003C6494 /* Products */ = {
			isa = PBXGroup;
			children = (
				868D7DC729C38410003C6494 /* KFormatScreening.app */,
			);
			name = Products;
			sourceTree = "<group>";
		};
		868D7DC929C38410003C6494 /* KFormatScreening */ = {
			isa = PBXGroup;
			children = (
				868D7DCA29C38410003C6494 /* KFormatScreening.swift */,
				868D7DDA29C38446003C6494 /* Views */,
				868D7DD929C38440003C6494 /* ViewModels */,
				868D7DD829C3843B003C6494 /* Models */,
				868D7DDD29C3887A003C6494 /* Data */,
				868D7DCE29C38411003C6494 /* Assets.xcassets */,
				868D7DD029C38411003C6494 /* Preview Content */,
			);
			path = KFormatScreening;
			sourceTree = "<group>";
		};
		868D7DD029C38411003C6494 /* Preview Content */ = {
			isa = PBXGroup;
			children = (
				868D7DD129C38411003C6494 /* Preview Assets.xcassets */,
			);
			path = "Preview Content";
			sourceTree = "<group>";
		};
		868D7DD829C3843B003C6494 /* Models */ = {
			isa = PBXGroup;
			children = (
				868D7DDB29C38469003C6494 /* Company.swift */,
			);
			path = Models;
			sourceTree = "<group>";
		};
		868D7DD929C38440003C6494 /* ViewModels */ = {
			isa = PBXGroup;
			children = (
				868D7DE029C39009003C6494 /* CompanyModel.swift */,
			);
			path = ViewModels;
			sourceTree = "<group>";
		};
		868D7DDA29C38446003C6494 /* Views */ = {
			isa = PBXGroup;
			children = (
				868D7DE229C3939E003C6494 /* MainTabView.swift */,
				868D7DE429C395C0003C6494 /* WelcomeView.swift */,
				868D7DE629C395E6003C6494 /* PTView.swift */,
				868D7DED29C3AF5E003C6494 /* PTListView.swift */,
				868D7DF329C3D460003C6494 /* PTVideoView.swift */,
				868D7DF529C3D530003C6494 /* RectanglePreset.swift */,
				868D7DE829C396B2003C6494 /* TrailersView.swift */,
				860A092629C56E8B00AA13C6 /* TrailersListView.swift */,
				860A092829C5825100AA13C6 /* TrailersVideoView.swift */,
				868D7DEB29C3976A003C6494 /* KeynoteView.swift */,
			);
			path = Views;
			sourceTree = "<group>";
		};
		868D7DDD29C3887A003C6494 /* Data */ = {
			isa = PBXGroup;
			children = (
				868D7DDE29C3888B003C6494 /* companydata.json */,
			);
			path = Data;
			sourceTree = "<group>";
		};
		868D7DF729C3D8B6003C6494 /* Frameworks */ = {
			isa = PBXGroup;
			children = (
				868D7DF829C3D8B6003C6494 /* AVKit.framework */,
			);
			name = Frameworks;
			sourceTree = "<group>";
		};
/* End PBXGroup section */

/* Begin PBXNativeTarget section */
		868D7DC629C38410003C6494 /* KFormatScreening */ = {
			isa = PBXNativeTarget;
			buildConfigurationList = 868D7DD529C38411003C6494 /* Build configuration list for PBXNativeTarget "KFormatScreening" */;
			buildPhases = (
				868D7DC329C38410003C6494 /* Sources */,
				868D7DC429C38410003C6494 /* Frameworks */,
				868D7DC529C38410003C6494 /* Resources */,
			);
			buildRules = (
			);
			dependencies = (
			);
			name = KFormatScreening;
			productName = KFormatScreening;
			productReference = 868D7DC729C38410003C6494 /* KFormatScreening.app */;
			productType = "com.apple.product-type.application";
		};
/* End PBXNativeTarget section */

/* Begin PBXProject section */
		868D7DBF29C38410003C6494 /* Project object */ = {
			isa = PBXProject;
			attributes = {
				BuildIndependentTargetsInParallel = 1;
				LastSwiftUpdateCheck = 1420;
				LastUpgradeCheck = 1420;
				TargetAttributes = {
					868D7DC629C38410003C6494 = {
						CreatedOnToolsVersion = 14.2;
					};
				};
			};
			buildConfigurationList = 868D7DC229C38410003C6494 /* Build configuration list for PBXProject "KFormatScreening" */;
			compatibilityVersion = "Xcode 14.0";
			developmentRegion = en;
			hasScannedForEncodings = 0;
			knownRegions = (
				en,
				Base,
			);
			mainGroup = 868D7DBE29C38410003C6494;
			productRefGroup = 868D7DC829C38410003C6494 /* Products */;
			projectDirPath = "";
			projectRoot = "";
			targets = (
				868D7DC629C38410003C6494 /* KFormatScreening */,
			);
		};
/* End PBXProject section */

/* Begin PBXResourcesBuildPhase section */
		868D7DC529C38410003C6494 /* Resources */ = {
			isa = PBXResourcesBuildPhase;
			buildActionMask = 2147483647;
			files = (
				868D7DDF29C3888B003C6494 /* companydata.json in Resources */,
				868D7DD229C38411003C6494 /* Preview Assets.xcassets in Resources */,
				868D7DCF29C38411003C6494 /* Assets.xcassets in Resources */,
			);
			runOnlyForDeploymentPostprocessing = 0;
		};
/* End PBXResourcesBuildPhase section */

/* Begin PBXSourcesBuildPhase section */
		868D7DC329C38410003C6494 /* Sources */ = {
			isa = PBXSourcesBuildPhase;
			buildActionMask = 2147483647;
			files = (
				868D7DE529C395C0003C6494 /* WelcomeView.swift in Sources */,
				868D7DEE29C3AF5E003C6494 /* PTListView.swift in Sources */,
				868D7DE129C39009003C6494 /* CompanyModel.swift in Sources */,
				868D7DE729C395E6003C6494 /* PTView.swift in Sources */,
				868D7DCB29C38410003C6494 /* KFormatScreening.swift in Sources */,
				868D7DF429C3D460003C6494 /* PTVideoView.swift in Sources */,
				868D7DE929C396B2003C6494 /* TrailersView.swift in Sources */,
				868D7DF629C3D530003C6494 /* RectanglePreset.swift in Sources */,
				860A092929C5825100AA13C6 /* TrailersVideoView.swift in Sources */,
				860A092729C56E8B00AA13C6 /* TrailersListView.swift in Sources */,
				868D7DDC29C38469003C6494 /* Company.swift in Sources */,
				868D7DEC29C3976A003C6494 /* KeynoteView.swift in Sources */,
				868D7DE329C3939E003C6494 /* MainTabView.swift in Sources */,
			);
			runOnlyForDeploymentPostprocessing = 0;
		};
/* End PBXSourcesBuildPhase section */

/* Begin XCBuildConfiguration section */
		868D7DD329C38411003C6494 /* Debug */ = {
			isa = XCBuildConfiguration;
			buildSettings = {
				ALWAYS_SEARCH_USER_PATHS = NO;
				CLANG_ANALYZER_NONNULL = YES;
				CLANG_ANALYZER_NUMBER_OBJECT_CONVERSION = YES_AGGRESSIVE;
				CLANG_CXX_LANGUAGE_STANDARD = "gnu++20";
				CLANG_ENABLE_MODULES = YES;
				CLANG_ENABLE_OBJC_ARC = YES;
				CLANG_ENABLE_OBJC_WEAK = YES;
				CLANG_WARN_BLOCK_CAPTURE_AUTORELEASING = YES;
				CLANG_WARN_BOOL_CONVERSION = YES;
				CLANG_WARN_COMMA = YES;
				CLANG_WARN_CONSTANT_CONVERSION = YES;
				CLANG_WARN_DEPRECATED_OBJC_IMPLEMENTATIONS = YES;
				CLANG_WARN_DIRECT_OBJC_ISA_USAGE = YES_ERROR;
				CLANG_WARN_DOCUMENTATION_COMMENTS = YES;
				CLANG_WARN_EMPTY_BODY = YES;
				CLANG_WARN_ENUM_CONVERSION = YES;
				CLANG_WARN_INFINITE_RECURSION = YES;
				CLANG_WARN_INT_CONVERSION = YES;
				CLANG_WARN_NON_LITERAL_NULL_CONVERSION = YES;
				CLANG_WARN_OBJC_IMPLICIT_RETAIN_SELF = YES;
				CLANG_WARN_OBJC_LITERAL_CONVERSION = YES;
				CLANG_WARN_OBJC_ROOT_CLASS = YES_ERROR;
				CLANG_WARN_QUOTED_INCLUDE_IN_FRAMEWORK_HEADER = YES;
				CLANG_WARN_RANGE_LOOP_ANALYSIS = YES;
				CLANG_WARN_STRICT_PROTOTYPES = YES;
				CLANG_WARN_SUSPICIOUS_MOVE = YES;
				CLANG_WARN_UNGUARDED_AVAILABILITY = YES_AGGRESSIVE;
				CLANG_WARN_UNREACHABLE_CODE = YES;
				CLANG_WARN__DUPLICATE_METHOD_MATCH = YES;
				COPY_PHASE_STRIP = NO;
				DEBUG_INFORMATION_FORMAT = dwarf;
				ENABLE_STRICT_OBJC_MSGSEND = YES;
				ENABLE_TESTABILITY = YES;
				GCC_C_LANGUAGE_STANDARD = gnu11;
				GCC_DYNAMIC_NO_PIC = NO;
				GCC_NO_COMMON_BLOCKS = YES;
				GCC_OPTIMIZATION_LEVEL = 0;
				GCC_PREPROCESSOR_DEFINITIONS = (
					"DEBUG=1",
					"$(inherited)",
				);
				GCC_WARN_64_TO_32_BIT_CONVERSION = YES;
				GCC_WARN_ABOUT_RETURN_TYPE = YES_ERROR;
				GCC_WARN_UNDECLARED_SELECTOR = YES;
				GCC_WARN_UNINITIALIZED_AUTOS = YES_AGGRESSIVE;
				GCC_WARN_UNUSED_FUNCTION = YES;
				GCC_WARN_UNUSED_VARIABLE = YES;
				IPHONEOS_DEPLOYMENT_TARGET = 16.2;
				MTL_ENABLE_DEBUG_INFO = INCLUDE_SOURCE;
				MTL_FAST_MATH = YES;
				ONLY_ACTIVE_ARCH = YES;
				SDKROOT = iphoneos;
				SWIFT_ACTIVE_COMPILATION_CONDITIONS = DEBUG;
				SWIFT_OPTIMIZATION_LEVEL = "-Onone";
			};
			name = Debug;
		};
		868D7DD429C38411003C6494 /* Release */ = {
			isa = XCBuildConfiguration;
			buildSettings = {
				ALWAYS_SEARCH_USER_PATHS = NO;
				CLANG_ANALYZER_NONNULL = YES;
				CLANG_ANALYZER_NUMBER_OBJECT_CONVERSION = YES_AGGRESSIVE;
				CLANG_CXX_LANGUAGE_STANDARD = "gnu++20";
				CLANG_ENABLE_MODULES = YES;
				CLANG_ENABLE_OBJC_ARC = YES;
				CLANG_ENABLE_OBJC_WEAK = YES;
				CLANG_WARN_BLOCK_CAPTURE_AUTORELEASING = YES;
				CLANG_WARN_BOOL_CONVERSION = YES;
				CLANG_WARN_COMMA = YES;
				CLANG_WARN_CONSTANT_CONVERSION = YES;
				CLANG_WARN_DEPRECATED_OBJC_IMPLEMENTATIONS = YES;
				CLANG_WARN_DIRECT_OBJC_ISA_USAGE = YES_ERROR;
				CLANG_WARN_DOCUMENTATION_COMMENTS = YES;
				CLANG_WARN_EMPTY_BODY = YES;
				CLANG_WARN_ENUM_CONVERSION = YES;
				CLANG_WARN_INFINITE_RECURSION = YES;
				CLANG_WARN_INT_CONVERSION = YES;
				CLANG_WARN_NON_LITERAL_NULL_CONVERSION = YES;
				CLANG_WARN_OBJC_IMPLICIT_RETAIN_SELF = YES;
				CLANG_WARN_OBJC_LITERAL_CONVERSION = YES;
				CLANG_WARN_OBJC_ROOT_CLASS = YES_ERROR;
				CLANG_WARN_QUOTED_INCLUDE_IN_FRAMEWORK_HEADER = YES;
				CLANG_WARN_RANGE_LOOP_ANALYSIS = YES;
				CLANG_WARN_STRICT_PROTOTYPES = YES;
				CLANG_WARN_SUSPICIOUS_MOVE = YES;
				CLANG_WARN_UNGUARDED_AVAILABILITY = YES_AGGRESSIVE;
				CLANG_WARN_UNREACHABLE_CODE = YES;
				CLANG_WARN__DUPLICATE_METHOD_MATCH = YES;
				COPY_PHASE_STRIP = NO;
				DEBUG_INFORMATION_FORMAT = "dwarf-with-dsym";
				ENABLE_NS_ASSERTIONS = NO;
				ENABLE_STRICT_OBJC_MSGSEND = YES;
				GCC_C_LANGUAGE_STANDARD = gnu11;
				GCC_NO_COMMON_BLOCKS = YES;
				GCC_WARN_64_TO_32_BIT_CONVERSION = YES;
				GCC_WARN_ABOUT_RETURN_TYPE = YES_ERROR;
				GCC_WARN_UNDECLARED_SELECTOR = YES;
				GCC_WARN_UNINITIALIZED_AUTOS = YES_AGGRESSIVE;
				GCC_WARN_UNUSED_FUNCTION = YES;
				GCC_WARN_UNUSED_VARIABLE = YES;
				IPHONEOS_DEPLOYMENT_TARGET = 16.2;
				MTL_ENABLE_DEBUG_INFO = NO;
				MTL_FAST_MATH = YES;
				SDKROOT = iphoneos;
				SWIFT_COMPILATION_MODE = wholemodule;
				SWIFT_OPTIMIZATION_LEVEL = "-O";
				VALIDATE_PRODUCT = YES;
			};
			name = Release;
		};
		868D7DD629C38411003C6494 /* Debug */ = {
			isa = XCBuildConfiguration;
			buildSettings = {
				ASSETCATALOG_COMPILER_APPICON_NAME = AppIcon;
				ASSETCATALOG_COMPILER_GLOBAL_ACCENT_COLOR_NAME = AccentColor;
				CODE_SIGN_STYLE = Automatic;
				CURRENT_PROJECT_VERSION = 1;
				DEVELOPMENT_ASSET_PATHS = "\"KFormatScreening/Preview Content\"";
				DEVELOPMENT_TEAM = 95GVZGQJ97;
				ENABLE_PREVIEWS = YES;
				GENERATE_INFOPLIST_FILE = YES;
				INFOPLIST_KEY_UIApplicationSceneManifest_Generation = YES;
				INFOPLIST_KEY_UIApplicationSupportsIndirectInputEvents = YES;
				INFOPLIST_KEY_UILaunchScreen_Generation = YES;
				INFOPLIST_KEY_UISupportedInterfaceOrientations_iPad = "UIInterfaceOrientationPortrait UIInterfaceOrientationPortraitUpsideDown UIInterfaceOrientationLandscapeLeft UIInterfaceOrientationLandscapeRight";
				INFOPLIST_KEY_UISupportedInterfaceOrientations_iPhone = "UIInterfaceOrientationPortrait UIInterfaceOrientationLandscapeLeft UIInterfaceOrientationLandscapeRight";
				LD_RUNPATH_SEARCH_PATHS = (
					"$(inherited)",
					"@executable_path/Frameworks",
				);
				MARKETING_VERSION = 1.0;
				PRODUCT_BUNDLE_IDENTIFIER = com.gavinkwon.KFormatScreening;
				PRODUCT_NAME = "$(TARGET_NAME)";
				SWIFT_EMIT_LOC_STRINGS = YES;
				SWIFT_VERSION = 5.0;
				TARGETED_DEVICE_FAMILY = "1,2";
			};
			name = Debug;
		};
		868D7DD729C38411003C6494 /* Release */ = {
			isa = XCBuildConfiguration;
			buildSettings = {
				ASSETCATALOG_COMPILER_APPICON_NAME = AppIcon;
				ASSETCATALOG_COMPILER_GLOBAL_ACCENT_COLOR_NAME = AccentColor;
				CODE_SIGN_STYLE = Automatic;
				CURRENT_PROJECT_VERSION = 1;
				DEVELOPMENT_ASSET_PATHS = "\"KFormatScreening/Preview Content\"";
				DEVELOPMENT_TEAM = 95GVZGQJ97;
				ENABLE_PREVIEWS = YES;
				GENERATE_INFOPLIST_FILE = YES;
				INFOPLIST_KEY_UIApplicationSceneManifest_Generation = YES;
				INFOPLIST_KEY_UIApplicationSupportsIndirectInputEvents = YES;
				INFOPLIST_KEY_UILaunchScreen_Generation = YES;
				INFOPLIST_KEY_UISupportedInterfaceOrientations_iPad = "UIInterfaceOrientationPortrait UIInterfaceOrientationPortraitUpsideDown UIInterfaceOrientationLandscapeLeft UIInterfaceOrientationLandscapeRight";
				INFOPLIST_KEY_UISupportedInterfaceOrientations_iPhone = "UIInterfaceOrientationPortrait UIInterfaceOrientationLandscapeLeft UIInterfaceOrientationLandscapeRight";
				LD_RUNPATH_SEARCH_PATHS = (
					"$(inherited)",
					"@executable_path/Frameworks",
				);
				MARKETING_VERSION = 1.0;
				PRODUCT_BUNDLE_IDENTIFIER = com.gavinkwon.KFormatScreening;
				PRODUCT_NAME = "$(TARGET_NAME)";
				SWIFT_EMIT_LOC_STRINGS = YES;
				SWIFT_VERSION = 5.0;
				TARGETED_DEVICE_FAMILY = "1,2";
			};
			name = Release;
		};
/* End XCBuildConfiguration section */

/* Begin XCConfigurationList section */
		868D7DC229C38410003C6494 /* Build configuration list for PBXProject "KFormatScreening" */ = {
			isa = XCConfigurationList;
			buildConfigurations = (
				868D7DD329C38411003C6494 /* Debug */,
				868D7DD429C38411003C6494 /* Release */,
			);
			defaultConfigurationIsVisible = 0;
			defaultConfigurationName = Release;
		};
		868D7DD529C38411003C6494 /* Build configuration list for PBXNativeTarget "KFormatScreening" */ = {
			isa = XCConfigurationList;
			buildConfigurations = (
				868D7DD629C38411003C6494 /* Debug */,
				868D7DD729C38411003C6494 /* Release */,
			);
			defaultConfigurationIsVisible = 0;
			defaultConfigurationName = Release;
		};
/* End XCConfigurationList section */
	};
	rootObject = 868D7DBF29C38410003C6494 /* Project object */;
}
